
Microsoft Visual Studio Solution File, Format Version 12.00
# Visual Studio Version 17
VisualStudioVersion = 17.13.35825.156 d17.13
MinimumVisualStudioVersion = 10.0.40219.1
Project("{FAE04EC0-301F-11D3-BF4B-00C04F79EFBC}") = "Biblioteca", "Biblioteca\Biblioteca.csproj", "{802672A9-3E63-4DC2-B05D-942123EC5271}"
EndProject
Global
	GlobalSection(SolutionConfigurationPlatforms) = preSolution
		Debug|Any CPU = Debug|Any CPU
		Release|Any CPU = Release|Any CPU
	EndGlobalSection
	GlobalSection(ProjectConfigurationPlatforms) = postSolution
		{802672A9-3E63-4DC2-B05D-942123EC5271}.Debug|Any CPU.ActiveCfg = Debug|Any CPU
		{802672A9-3E63-4DC2-B05D-942123EC5271}.Debug|Any CPU.Build.0 = Debug|Any CPU
		{802672A9-3E63-4DC2-B05D-942123EC5271}.Release|Any CPU.ActiveCfg = Release|Any CPU
		{802672A9-3E63-4DC2-B05D-942123EC5271}.Release|Any CPU.Build.0 = Release|Any CPU
	EndGlobalSection
	GlobalSection(SolutionProperties) = preSolution
		HideSolutionNode = FALSE
	EndGlobalSection
	GlobalSection(ExtensibilityGlobals) = postSolution
		SolutionGuid = {3751D6F0-F7B9-42BC-B4D7-4D4A6971F550}
	EndGlobalSection
EndGlobal
